<?xml version="1.0" encoding="utf-8"?>
<Project ToolsVersion="17.0" xmlns="http://schemas.microsoft.com/developer/msbuild/2003">
  <ItemGroup>
    <CustomBuild Include="D:\Dynamic\LivoxHmi\native\build-win-x64\CMakeFiles\6358b8ad11916cb97309949a399bc25b\INSTALL_force.rule">
      <Filter>CMake Rules</Filter>
    </CustomBuild>
  </ItemGroup>
  <ItemGroup>
    <Filter Include="CMake Rules">
      <UniqueIdentifier>{5DBABF7E-8435-3905-8C56-28CB868B0B55}</UniqueIdentifier>
    </Filter>
  </ItemGroup>
</Project>
